
Microsoft Visual Studio Solution File, Format Version 12.00
# Visual Studio Version 17
VisualStudioVersion = 17.5.33627.172
MinimumVisualStudioVersion = 10.0.40219.1
Project("{2150E333-8FDC-42A3-9474-1A3956D46DE8}") = "CreationalPatterns", "CreationalPatterns", "{EDD3E4AE-F15D-4824-8CE0-00BDF6C835F2}"
EndProject
Project("{FAE04EC0-301F-11D3-BF4B-00C04F79EFBC}") = "AbstractFactory", "CreationalPatterns\AbstractFactory\AbstractFactory.csproj", "{5E8CC598-FAC9-4262-9626-7307EED540CA}"
EndProject
Global
	GlobalSection(SolutionConfigurationPlatforms) = preSolution
		Debug|Any CPU = Debug|Any CPU
		Release|Any CPU = Release|Any CPU
	EndGlobalSection
	GlobalSection(ProjectConfigurationPlatforms) = postSolution
		{5E8CC598-FAC9-4262-9626-7307EED540CA}.Debug|Any CPU.ActiveCfg = Debug|Any CPU
		{5E8CC598-FAC9-4262-9626-7307EED540CA}.Debug|Any CPU.Build.0 = Debug|Any CPU
		{5E8CC598-FAC9-4262-9626-7307EED540CA}.Release|Any CPU.ActiveCfg = Release|Any CPU
		{5E8CC598-FAC9-4262-9626-7307EED540CA}.Release|Any CPU.Build.0 = Release|Any CPU
	EndGlobalSection
	GlobalSection(SolutionProperties) = preSolution
		HideSolutionNode = FALSE
	EndGlobalSection
	GlobalSection(NestedProjects) = preSolution
		{5E8CC598-FAC9-4262-9626-7307EED540CA} = {EDD3E4AE-F15D-4824-8CE0-00BDF6C835F2}
	EndGlobalSection
	GlobalSection(ExtensibilityGlobals) = postSolution
		SolutionGuid = {1AB4E3C4-A1AD-49A5-9BDA-91DF7D7F52AC}
	EndGlobalSection
EndGlobal
